
Microsoft Visual Studio Solution File, Format Version 12.00
# Visual Studio Express 15 for Windows Desktop
VisualStudioVersion = 15.0.35826.109
MinimumVisualStudioVersion = 10.0.40219.1
Project("{FAE04EC0-301F-11D3-BF4B-00C04F79EFBC}") = "demo ui", "demo ui\demo ui.csproj", "{49824B28-D180-46DB-8E6C-B3736798A34C}"
EndProject
Global
	GlobalSection(SolutionConfigurationPlatforms) = preSolution
		Debug|Any CPU = Debug|Any CPU
		Release|Any CPU = Release|Any CPU
	EndGlobalSection
	GlobalSection(ProjectConfigurationPlatforms) = postSolution
		{49824B28-D180-46DB-8E6C-B3736798A34C}.Debug|Any CPU.ActiveCfg = Debug|Any CPU
		{49824B28-D180-46DB-8E6C-B3736798A34C}.Debug|Any CPU.Build.0 = Debug|Any CPU
		{49824B28-D180-46DB-8E6C-B3736798A34C}.Release|Any CPU.ActiveCfg = Release|Any CPU
		{49824B28-D180-46DB-8E6C-B3736798A34C}.Release|Any CPU.Build.0 = Release|Any CPU
	EndGlobalSection
	GlobalSection(SolutionProperties) = preSolution
		HideSolutionNode = FALSE
	EndGlobalSection
	GlobalSection(ExtensibilityGlobals) = postSolution
		SolutionGuid = {D96E7507-F3F6-4980-99EF-339450B6BA07}
	EndGlobalSection
EndGlobal
